
Microsoft Visual Studio Solution File, Format Version 12.00
# Visual Studio Version 17
VisualStudioVersion = 17.7.34024.191
MinimumVisualStudioVersion = 10.0.40219.1
Project("{FAE04EC0-301F-11D3-BF4B-00C04F79EFBC}") = "helloworld", "helloworld.csproj", "{F0675AAA-5DDD-4E62-9987-1F209CEBB864}"
EndProject
Global
	GlobalSection(SolutionConfigurationPlatforms) = preSolution
		Debug|Any CPU = Debug|Any CPU
		Release|Any CPU = Release|Any CPU
	EndGlobalSection
	GlobalSection(ProjectConfigurationPlatforms) = postSolution
		{F0675AAA-5DDD-4E62-9987-1F209CEBB864}.Debug|Any CPU.ActiveCfg = Debug|Any CPU
		{F0675AAA-5DDD-4E62-9987-1F209CEBB864}.Debug|Any CPU.Build.0 = Debug|Any CPU
		{F0675AAA-5DDD-4E62-9987-1F209CEBB864}.Release|Any CPU.ActiveCfg = Release|Any CPU
		{F0675AAA-5DDD-4E62-9987-1F209CEBB864}.Release|Any CPU.Build.0 = Release|Any CPU
	EndGlobalSection
	GlobalSection(SolutionProperties) = preSolution
		HideSolutionNode = FALSE
	EndGlobalSection
	GlobalSection(ExtensibilityGlobals) = postSolution
		SolutionGuid = {D3CC99A2-D401-4549-862F-455981C140FF}
	EndGlobalSection
EndGlobal
